{
    "requires": true,
    "lockfileVersion": 1,
    "dependencies": {
        "terbilang-js": {
            "version": "1.0.1",
            "resolved": "https://registry.npmjs.org/terbilang-js/-/terbilang-js-1.0.1.tgz",
            "integrity": "sha1-pdOY7Aypv/eYVfAb/0c8ozEMLv0="
        }
    }
}
